// !$*UTF8*$!
{
	archiveVersion = 1;
	classes = {
	};
	objectVersion = 50;
	objects = {

/* Begin PBXBuildFile section */
		2E3233BEC5D9AAE725D89910 /* Pods_Makestagram.framework in Frameworks */ = {isa = PBXBuildFile; fileRef = F2B381C0C61046EDA813AEDB /* Pods_Makestagram.framework */; };
		F352FB4C20F423E3009E3F76 /* AppDelegate.swift in Sources */ = {isa = PBXBuildFile; fileRef = F352FB4B20F423E3009E3F76 /* AppDelegate.swift */; };
		F352FB4E20F423E3009E3F76 /* ViewController.swift in Sources */ = {isa = PBXBuildFile; fileRef = F352FB4D20F423E3009E3F76 /* ViewController.swift */; };
		F352FB5120F423E3009E3F76 /* Main.storyboard in Resources */ = {isa = PBXBuildFile; fileRef = F352FB4F20F423E3009E3F76 /* Main.storyboard */; };
		F352FB5320F423E6009E3F76 /* Assets.xcassets in Resources */ = {isa = PBXBuildFile; fileRef = F352FB5220F423E6009E3F76 /* Assets.xcassets */; };
		F352FB5620F423E6009E3F76 /* LaunchScreen.storyboard in Resources */ = {isa = PBXBuildFile; fileRef = F352FB5420F423E6009E3F76 /* LaunchScreen.storyboard */; };
		F352FB5E20F4277F009E3F76 /* GoogleService-Info.plist in Resources */ = {isa = PBXBuildFile; fileRef = F352FB5D20F4277F009E3F76 /* GoogleService-Info.plist */; };
		F353ECE020F51B2000F345D3 /* Info.plist in Resources */ = {isa = PBXBuildFile; fileRef = F352FB5720F423E6009E3F76 /* Info.plist */; };
		F353ECE220F5476800F345D3 /* Login.storyboard in Resources */ = {isa = PBXBuildFile; fileRef = F353ECE120F5476800F345D3 /* Login.storyboard */; };
		F353ECE420F5491D00F345D3 /* LoginViewController.swift in Sources */ = {isa = PBXBuildFile; fileRef = F353ECE320F5491D00F345D3 /* LoginViewController.swift */; };
/* End PBXBuildFile section */

/* Begin PBXFileReference section */
		BD319FAAB3EE028F646CC51E /* Pods-Makestagram.debug.xcconfig */ = {isa = PBXFileReference; includeInIndex = 1; lastKnownFileType = text.xcconfig; name = "Pods-Makestagram.debug.xcconfig"; path = "Pods/Target Support Files/Pods-Makestagram/Pods-Makestagram.debug.xcconfig"; sourceTree = "<group>"; };
		C98E78273CAC5008A48010FD /* Pods-Makestagram.release.xcconfig */ = {isa = PBXFileReference; includeInIndex = 1; lastKnownFileType = text.xcconfig; name = "Pods-Makestagram.release.xcconfig"; path = "Pods/Target Support Files/Pods-Makestagram/Pods-Makestagram.release.xcconfig"; sourceTree = "<group>"; };
		F2B381C0C61046EDA813AEDB /* Pods_Makestagram.framework */ = {isa = PBXFileReference; explicitFileType = wrapper.framework; includeInIndex = 0; path = Pods_Makestagram.framework; sourceTree = BUILT_PRODUCTS_DIR; };
		F352FB4820F423E3009E3F76 /* Makestagram.app */ = {isa = PBXFileReference; explicitFileType = wrapper.application; includeInIndex = 0; path = Makestagram.app; sourceTree = BUILT_PRODUCTS_DIR; };
		F352FB4B20F423E3009E3F76 /* AppDelegate.swift */ = {isa = PBXFileReference; lastKnownFileType = sourcecode.swift; path = AppDelegate.swift; sourceTree = "<group>"; };
		F352FB4D20F423E3009E3F76 /* ViewController.swift */ = {isa = PBXFileReference; lastKnownFileType = sourcecode.swift; path = ViewController.swift; sourceTree = "<group>"; };
		F352FB5020F423E3009E3F76 /* Base */ = {isa = PBXFileReference; lastKnownFileType = file.storyboard; name = Base; path = Base.lproj/Main.storyboard; sourceTree = "<group>"; };
		F352FB5220F423E6009E3F76 /* Assets.xcassets */ = {isa = PBXFileReference; lastKnownFileType = folder.assetcatalog; path = Assets.xcassets; sourceTree = "<group>"; };
		F352FB5520F423E6009E3F76 /* Base */ = {isa = PBXFileReference; lastKnownFileType = file.storyboard; name = Base; path = Base.lproj/LaunchScreen.storyboard; sourceTree = "<group>"; };
		F352FB5720F423E6009E3F76 /* Info.plist */ = {isa = PBXFileReference; lastKnownFileType = text.plist.xml; path = Info.plist; sourceTree = "<group>"; };
		F352FB5D20F4277F009E3F76 /* GoogleService-Info.plist */ = {isa = PBXFileReference; fileEncoding = 4; lastKnownFileType = text.plist.xml; path = "GoogleService-Info.plist"; sourceTree = "<group>"; };
		F353ECE120F5476800F345D3 /* Login.storyboard */ = {isa = PBXFileReference; lastKnownFileType = file.storyboard; path = Login.storyboard; sourceTree = "<group>"; };
		F353ECE320F5491D00F345D3 /* LoginViewController.swift */ = {isa = PBXFileReference; lastKnownFileType = sourcecode.swift; path = LoginViewController.swift; sourceTree = "<group>"; };
/* End PBXFileReference section */

/* Begin PBXFrameworksBuildPhase section */
		F352FB4520F423E3009E3F76 /* Frameworks */ = {
			isa = PBXFrameworksBuildPhase;
			buildActionMask = 2147483647;
			files = (
				2E3233BEC5D9AAE725D89910 /* Pods_Makestagram.framework in Frameworks */,
			);
			runOnlyForDeploymentPostprocessing = 0;
		};
/* End PBXFrameworksBuildPhase section */

/* Begin PBXGroup section */
		63AC156E10429316AB77E228 /* Frameworks */ = {
			isa = PBXGroup;
			children = (
				F2B381C0C61046EDA813AEDB /* Pods_Makestagram.framework */,
			);
			name = Frameworks;
			sourceTree = "<group>";
		};
		C18D4CF432D7E1A15D486152 /* Pods */ = {
			isa = PBXGroup;
			children = (
				BD319FAAB3EE028F646CC51E /* Pods-Makestagram.debug.xcconfig */,
				C98E78273CAC5008A48010FD /* Pods-Makestagram.release.xcconfig */,
			);
			name = Pods;
			sourceTree = "<group>";
		};
		F352FB3F20F423E3009E3F76 = {
			isa = PBXGroup;
			children = (
				F352FB4A20F423E3009E3F76 /* Makestagram */,
				F352FB4920F423E3009E3F76 /* Products */,
				C18D4CF432D7E1A15D486152 /* Pods */,
				63AC156E10429316AB77E228 /* Frameworks */,
			);
			sourceTree = "<group>";
		};
		F352FB4920F423E3009E3F76 /* Products */ = {
			isa = PBXGroup;
			children = (
				F352FB4820F423E3009E3F76 /* Makestagram.app */,
			);
			name = Products;
			sourceTree = "<group>";
		};
		F352FB4A20F423E3009E3F76 /* Makestagram */ = {
			isa = PBXGroup;
			children = (
				F352FB4B20F423E3009E3F76 /* AppDelegate.swift */,
				F353ECDA20F5191100F345D3 /* Services */,
				F353ECD920F5190B00F345D3 /* Models */,
				F353ECD520F5189C00F345D3 /* Controller */,
				F353ECDE20F5192F00F345D3 /* Views */,
				F353ECD820F5190500F345D3 /* Helpers */,
				F353ECDB20F5191700F345D3 /* Storyboards */,
				F352FB5220F423E6009E3F76 /* Assets.xcassets */,
				F353ECD720F518F000F345D3 /* Extensions */,
				F353ECDF20F5199000F345D3 /* Supporting Files */,
			);
			path = Makestagram;
			sourceTree = "<group>";
		};
		F353ECD520F5189C00F345D3 /* Controller */ = {
			isa = PBXGroup;
			children = (
				F352FB4D20F423E3009E3F76 /* ViewController.swift */,
				F353ECE320F5491D00F345D3 /* LoginViewController.swift */,
			);
			name = Controller;
			path = "New Group1";
			sourceTree = "<group>";
		};
		F353ECD720F518F000F345D3 /* Extensions */ = {
			isa = PBXGroup;
			children = (
			);
			path = Extensions;
			sourceTree = "<group>";
		};
		F353ECD820F5190500F345D3 /* Helpers */ = {
			isa = PBXGroup;
			children = (
			);
			path = Helpers;
			sourceTree = "<group>";
		};
		F353ECD920F5190B00F345D3 /* Models */ = {
			isa = PBXGroup;
			children = (
			);
			path = Models;
			sourceTree = "<group>";
		};
		F353ECDA20F5191100F345D3 /* Services */ = {
			isa = PBXGroup;
			children = (
			);
			path = Services;
			sourceTree = "<group>";
		};
		F353ECDB20F5191700F345D3 /* Storyboards */ = {
			isa = PBXGroup;
			children = (
				F352FB4F20F423E3009E3F76 /* Main.storyboard */,
				F352FB5420F423E6009E3F76 /* LaunchScreen.storyboard */,
				F353ECE120F5476800F345D3 /* Login.storyboard */,
			);
			path = Storyboards;
			sourceTree = "<group>";
		};
		F353ECDE20F5192F00F345D3 /* Views */ = {
			isa = PBXGroup;
			children = (
			);
			path = Views;
			sourceTree = "<group>";
		};
		F353ECDF20F5199000F345D3 /* Supporting Files */ = {
			isa = PBXGroup;
			children = (
				F352FB5D20F4277F009E3F76 /* GoogleService-Info.plist */,
				F352FB5720F423E6009E3F76 /* Info.plist */,
			);
			path = "Supporting Files";
			sourceTree = "<group>";
		};
/* End PBXGroup section */

/* Begin PBXNativeTarget section */
		F352FB4720F423E3009E3F76 /* Makestagram */ = {
			isa = PBXNativeTarget;
			buildConfigurationList = F352FB5A20F423E6009E3F76 /* Build configuration list for PBXNativeTarget "Makestagram" */;
			buildPhases = (
				1F9C02EC2AAD6596B046B535 /* [CP] Check Pods Manifest.lock */,
				F352FB4420F423E3009E3F76 /* Sources */,
				F352FB4520F423E3009E3F76 /* Frameworks */,
				F352FB4620F423E3009E3F76 /* Resources */,
				F97942F93F97537BBFA187A9 /* [CP] Embed Pods Frameworks */,
				455D015F148668DAA1CAE979 /* [CP] Copy Pods Resources */,
			);
			buildRules = (
			);
			dependencies = (
			);
			name = Makestagram;
			productName = Makestagram;
			productReference = F352FB4820F423E3009E3F76 /* Makestagram.app */;
			productType = "com.apple.product-type.application";
		};
/* End PBXNativeTarget section */

/* Begin PBXProject section */
		F352FB4020F423E3009E3F76 /* Project object */ = {
			isa = PBXProject;
			attributes = {
				LastSwiftUpdateCheck = 0940;
				LastUpgradeCheck = 0940;
				ORGANIZATIONNAME = "Elaina Teramoto";
				TargetAttributes = {
					F352FB4720F423E3009E3F76 = {
						CreatedOnToolsVersion = 9.4.1;
					};
				};
			};
			buildConfigurationList = F352FB4320F423E3009E3F76 /* Build configuration list for PBXProject "Makestagram" */;
			compatibilityVersion = "Xcode 9.3";
			developmentRegion = en;
			hasScannedForEncodings = 0;
			knownRegions = (
				en,
				Base,
			);
			mainGroup = F352FB3F20F423E3009E3F76;
			productRefGroup = F352FB4920F423E3009E3F76 /* Products */;
			projectDirPath = "";
			projectRoot = "";
			targets = (
				F352FB4720F423E3009E3F76 /* Makestagram */,
			);
		};
/* End PBXProject section */

/* Begin PBXResourcesBuildPhase section */
		F352FB4620F423E3009E3F76 /* Resources */ = {
			isa = PBXResourcesBuildPhase;
			buildActionMask = 2147483647;
			files = (
				F353ECE020F51B2000F345D3 /* Info.plist in Resources */,
				F352FB5620F423E6009E3F76 /* LaunchScreen.storyboard in Resources */,
				F353ECE220F5476800F345D3 /* Login.storyboard in Resources */,
				F352FB5E20F4277F009E3F76 /* GoogleService-Info.plist in Resources */,
				F352FB5320F423E6009E3F76 /* Assets.xcassets in Resources */,
				F352FB5120F423E3009E3F76 /* Main.storyboard in Resources */,
			);
			runOnlyForDeploymentPostprocessing = 0;
		};
/* End PBXResourcesBuildPhase section */

/* Begin PBXShellScriptBuildPhase section */
		1F9C02EC2AAD6596B046B535 /* [CP] Check Pods Manifest.lock */ = {
			isa = PBXShellScriptBuildPhase;
			buildActionMask = 2147483647;
			files = (
			);
			inputPaths = (
				"${PODS_PODFILE_DIR_PATH}/Podfile.lock",
				"${PODS_ROOT}/Manifest.lock",
			);
			name = "[CP] Check Pods Manifest.lock";
			outputPaths = (
				"$(DERIVED_FILE_DIR)/Pods-Makestagram-checkManifestLockResult.txt",
			);
			runOnlyForDeploymentPostprocessing = 0;
			shellPath = /bin/sh;
			shellScript = "diff \"${PODS_PODFILE_DIR_PATH}/Podfile.lock\" \"${PODS_ROOT}/Manifest.lock\" > /dev/null\nif [ $? != 0 ] ; then\n    # print error to STDERR\n    echo \"error: The sandbox is not in sync with the Podfile.lock. Run 'pod install' or update your CocoaPods installation.\" >&2\n    exit 1\nfi\n# This output is used by Xcode 'outputs' to avoid re-running this script phase.\necho \"SUCCESS\" > \"${SCRIPT_OUTPUT_FILE_0}\"\n";
			showEnvVarsInLog = 0;
		};
		455D015F148668DAA1CAE979 /* [CP] Copy Pods Resources */ = {
			isa = PBXShellScriptBuildPhase;
			buildActionMask = 2147483647;
			files = (
			);
			inputPaths = (
				"${SRCROOT}/Pods/Target Support Files/Pods-Makestagram/Pods-Makestagram-resources.sh",
				"${PODS_CONFIGURATION_BUILD_DIR}/FirebaseUI/FirebaseAuthUI.bundle",
			);
			name = "[CP] Copy Pods Resources";
			outputPaths = (
				"${TARGET_BUILD_DIR}/${UNLOCALIZED_RESOURCES_FOLDER_PATH}/FirebaseAuthUI.bundle",
			);
			runOnlyForDeploymentPostprocessing = 0;
			shellPath = /bin/sh;
			shellScript = "\"${SRCROOT}/Pods/Target Support Files/Pods-Makestagram/Pods-Makestagram-resources.sh\"\n";
			showEnvVarsInLog = 0;
		};
		F97942F93F97537BBFA187A9 /* [CP] Embed Pods Frameworks */ = {
			isa = PBXShellScriptBuildPhase;
			buildActionMask = 2147483647;
			files = (
			);
			inputPaths = (
				"${SRCROOT}/Pods/Target Support Files/Pods-Makestagram/Pods-Makestagram-frameworks.sh",
				"${BUILT_PRODUCTS_DIR}/GTMSessionFetcher/GTMSessionFetcher.framework",
				"${BUILT_PRODUCTS_DIR}/GoogleToolboxForMac/GoogleToolboxForMac.framework",
				"${BUILT_PRODUCTS_DIR}/leveldb-library/leveldb.framework",
				"${BUILT_PRODUCTS_DIR}/nanopb/nanopb.framework",
			);
			name = "[CP] Embed Pods Frameworks";
			outputPaths = (
				"${TARGET_BUILD_DIR}/${FRAMEWORKS_FOLDER_PATH}/GTMSessionFetcher.framework",
				"${TARGET_BUILD_DIR}/${FRAMEWORKS_FOLDER_PATH}/GoogleToolboxForMac.framework",
				"${TARGET_BUILD_DIR}/${FRAMEWORKS_FOLDER_PATH}/leveldb.framework",
				"${TARGET_BUILD_DIR}/${FRAMEWORKS_FOLDER_PATH}/nanopb.framework",
			);
			runOnlyForDeploymentPostprocessing = 0;
			shellPath = /bin/sh;
			shellScript = "\"${SRCROOT}/Pods/Target Support Files/Pods-Makestagram/Pods-Makestagram-frameworks.sh\"\n";
			showEnvVarsInLog = 0;
		};
/* End PBXShellScriptBuildPhase section */

/* Begin PBXSourcesBuildPhase section */
		F352FB4420F423E3009E3F76 /* Sources */ = {
			isa = PBXSourcesBuildPhase;
			buildActionMask = 2147483647;
			files = (
				F353ECE420F5491D00F345D3 /* LoginViewController.swift in Sources */,
				F352FB4E20F423E3009E3F76 /* ViewController.swift in Sources */,
				F352FB4C20F423E3009E3F76 /* AppDelegate.swift in Sources */,
			);
			runOnlyForDeploymentPostprocessing = 0;
		};
/* End PBXSourcesBuildPhase section */

/* Begin PBXVariantGroup section */
		F352FB4F20F423E3009E3F76 /* Main.storyboard */ = {
			isa = PBXVariantGroup;
			children = (
				F352FB5020F423E3009E3F76 /* Base */,
			);
			name = Main.storyboard;
			sourceTree = "<group>";
		};
		F352FB5420F423E6009E3F76 /* LaunchScreen.storyboard */ = {
			isa = PBXVariantGroup;
			children = (
				F352FB5520F423E6009E3F76 /* Base */,
			);
			name = LaunchScreen.storyboard;
			sourceTree = "<group>";
		};
/* End PBXVariantGroup section */

/* Begin XCBuildConfiguration section */
		F352FB5820F423E6009E3F76 /* Debug */ = {
			isa = XCBuildConfiguration;
			buildSettings = {
				ALWAYS_SEARCH_USER_PATHS = NO;
				CLANG_ANALYZER_NONNULL = YES;
				CLANG_ANALYZER_NUMBER_OBJECT_CONVERSION = YES_AGGRESSIVE;
				CLANG_CXX_LANGUAGE_STANDARD = "gnu++14";
				CLANG_CXX_LIBRARY = "libc++";
				CLANG_ENABLE_MODULES = YES;
				CLANG_ENABLE_OBJC_ARC = YES;
				CLANG_ENABLE_OBJC_WEAK = YES;
				CLANG_WARN_BLOCK_CAPTURE_AUTORELEASING = YES;
				CLANG_WARN_BOOL_CONVERSION = YES;
				CLANG_WARN_COMMA = YES;
				CLANG_WARN_CONSTANT_CONVERSION = YES;
				CLANG_WARN_DEPRECATED_OBJC_IMPLEMENTATIONS = YES;
				CLANG_WARN_DIRECT_OBJC_ISA_USAGE = YES_ERROR;
				CLANG_WARN_DOCUMENTATION_COMMENTS = YES;
				CLANG_WARN_EMPTY_BODY = YES;
				CLANG_WARN_ENUM_CONVERSION = YES;
				CLANG_WARN_INFINITE_RECURSION = YES;
				CLANG_WARN_INT_CONVERSION = YES;
				CLANG_WARN_NON_LITERAL_NULL_CONVERSION = YES;
				CLANG_WARN_OBJC_IMPLICIT_RETAIN_SELF = YES;
				CLANG_WARN_OBJC_LITERAL_CONVERSION = YES;
				CLANG_WARN_OBJC_ROOT_CLASS = YES_ERROR;
				CLANG_WARN_RANGE_LOOP_ANALYSIS = YES;
				CLANG_WARN_STRICT_PROTOTYPES = YES;
				CLANG_WARN_SUSPICIOUS_MOVE = YES;
				CLANG_WARN_UNGUARDED_AVAILABILITY = YES_AGGRESSIVE;
				CLANG_WARN_UNREACHABLE_CODE = YES;
				CLANG_WARN__DUPLICATE_METHOD_MATCH = YES;
				CODE_SIGN_IDENTITY = "iPhone Developer";
				COPY_PHASE_STRIP = NO;
				DEBUG_INFORMATION_FORMAT = dwarf;
				ENABLE_STRICT_OBJC_MSGSEND = YES;
				ENABLE_TESTABILITY = YES;
				GCC_C_LANGUAGE_STANDARD = gnu11;
				GCC_DYNAMIC_NO_PIC = NO;
				GCC_NO_COMMON_BLOCKS = YES;
				GCC_OPTIMIZATION_LEVEL = 0;
				GCC_PREPROCESSOR_DEFINITIONS = (
					"DEBUG=1",
					"$(inherited)",
				);
				GCC_WARN_64_TO_32_BIT_CONVERSION = YES;
				GCC_WARN_ABOUT_RETURN_TYPE = YES_ERROR;
				GCC_WARN_UNDECLARED_SELECTOR = YES;
				GCC_WARN_UNINITIALIZED_AUTOS = YES_AGGRESSIVE;
				GCC_WARN_UNUSED_FUNCTION = YES;
				GCC_WARN_UNUSED_VARIABLE = YES;
				IPHONEOS_DEPLOYMENT_TARGET = 11.4;
				MTL_ENABLE_DEBUG_INFO = YES;
				ONLY_ACTIVE_ARCH = YES;
				SDKROOT = iphoneos;
				SWIFT_ACTIVE_COMPILATION_CONDITIONS = DEBUG;
				SWIFT_OPTIMIZATION_LEVEL = "-Onone";
			};
			name = Debug;
		};
		F352FB5920F423E6009E3F76 /* Release */ = {
			isa = XCBuildConfiguration;
			buildSettings = {
				ALWAYS_SEARCH_USER_PATHS = NO;
				CLANG_ANALYZER_NONNULL = YES;
				CLANG_ANALYZER_NUMBER_OBJECT_CONVERSION = YES_AGGRESSIVE;
				CLANG_CXX_LANGUAGE_STANDARD = "gnu++14";
				CLANG_CXX_LIBRARY = "libc++";
				CLANG_ENABLE_MODULES = YES;
				CLANG_ENABLE_OBJC_ARC = YES;
				CLANG_ENABLE_OBJC_WEAK = YES;
				CLANG_WARN_BLOCK_CAPTURE_AUTORELEASING = YES;
				CLANG_WARN_BOOL_CONVERSION = YES;
				CLANG_WARN_COMMA = YES;
				CLANG_WARN_CONSTANT_CONVERSION = YES;
				CLANG_WARN_DEPRECATED_OBJC_IMPLEMENTATIONS = YES;
				CLANG_WARN_DIRECT_OBJC_ISA_USAGE = YES_ERROR;
				CLANG_WARN_DOCUMENTATION_COMMENTS = YES;
				CLANG_WARN_EMPTY_BODY = YES;
				CLANG_WARN_ENUM_CONVERSION = YES;
				CLANG_WARN_INFINITE_RECURSION = YES;
				CLANG_WARN_INT_CONVERSION = YES;
				CLANG_WARN_NON_LITERAL_NULL_CONVERSION = YES;
				CLANG_WARN_OBJC_IMPLICIT_RETAIN_SELF = YES;
				CLANG_WARN_OBJC_LITERAL_CONVERSION = YES;
				CLANG_WARN_OBJC_ROOT_CLASS = YES_ERROR;
				CLANG_WARN_RANGE_LOOP_ANALYSIS = YES;
				CLANG_WARN_STRICT_PROTOTYPES = YES;
				CLANG_WARN_SUSPICIOUS_MOVE = YES;
				CLANG_WARN_UNGUARDED_AVAILABILITY = YES_AGGRESSIVE;
				CLANG_WARN_UNREACHABLE_CODE = YES;
				CLANG_WARN__DUPLICATE_METHOD_MATCH = YES;
				CODE_SIGN_IDENTITY = "iPhone Developer";
				COPY_PHASE_STRIP = NO;
				DEBUG_INFORMATION_FORMAT = "dwarf-with-dsym";
				ENABLE_NS_ASSERTIONS = NO;
				ENABLE_STRICT_OBJC_MSGSEND = YES;
				GCC_C_LANGUAGE_STANDARD = gnu11;
				GCC_NO_COMMON_BLOCKS = YES;
				GCC_WARN_64_TO_32_BIT_CONVERSION = YES;
				GCC_WARN_ABOUT_RETURN_TYPE = YES_ERROR;
				GCC_WARN_UNDECLARED_SELECTOR = YES;
				GCC_WARN_UNINITIALIZED_AUTOS = YES_AGGRESSIVE;
				GCC_WARN_UNUSED_FUNCTION = YES;
				GCC_WARN_UNUSED_VARIABLE = YES;
				IPHONEOS_DEPLOYMENT_TARGET = 11.4;
				MTL_ENABLE_DEBUG_INFO = NO;
				SDKROOT = iphoneos;
				SWIFT_COMPILATION_MODE = wholemodule;
				SWIFT_OPTIMIZATION_LEVEL = "-O";
				VALIDATE_PRODUCT = YES;
			};
			name = Release;
		};
		F352FB5B20F423E6009E3F76 /* Debug */ = {
			isa = XCBuildConfiguration;
			baseConfigurationReference = BD319FAAB3EE028F646CC51E /* Pods-Makestagram.debug.xcconfig */;
			buildSettings = {
				ASSETCATALOG_COMPILER_APPICON_NAME = AppIcon;
				CODE_SIGN_STYLE = Automatic;
				INFOPLIST_FILE = "$(SRCROOT)/Makestagram/Supporting Files/Info.plist";
				LD_RUNPATH_SEARCH_PATHS = (
					"$(inherited)",
					"@executable_path/Frameworks",
				);
				PRODUCT_BUNDLE_IDENTIFIER = ETeramoto.Makestagram;
				PRODUCT_NAME = "$(TARGET_NAME)";
				SWIFT_VERSION = 4.0;
				TARGETED_DEVICE_FAMILY = "1,2";
			};
			name = Debug;
		};
		F352FB5C20F423E6009E3F76 /* Release */ = {
			isa = XCBuildConfiguration;
			baseConfigurationReference = C98E78273CAC5008A48010FD /* Pods-Makestagram.release.xcconfig */;
			buildSettings = {
				ASSETCATALOG_COMPILER_APPICON_NAME = AppIcon;
				CODE_SIGN_STYLE = Automatic;
				INFOPLIST_FILE = "$(SRCROOT)/Makestagram/Supporting Files/Info.plist";
				LD_RUNPATH_SEARCH_PATHS = (
					"$(inherited)",
					"@executable_path/Frameworks",
				);
				PRODUCT_BUNDLE_IDENTIFIER = ETeramoto.Makestagram;
				PRODUCT_NAME = "$(TARGET_NAME)";
				SWIFT_VERSION = 4.0;
				TARGETED_DEVICE_FAMILY = "1,2";
			};
			name = Release;
		};
/* End XCBuildConfiguration section */

/* Begin XCConfigurationList section */
		F352FB4320F423E3009E3F76 /* Build configuration list for PBXProject "Makestagram" */ = {
			isa = XCConfigurationList;
			buildConfigurations = (
				F352FB5820F423E6009E3F76 /* Debug */,
				F352FB5920F423E6009E3F76 /* Release */,
			);
			defaultConfigurationIsVisible = 0;
			defaultConfigurationName = Release;
		};
		F352FB5A20F423E6009E3F76 /* Build configuration list for PBXNativeTarget "Makestagram" */ = {
			isa = XCConfigurationList;
			buildConfigurations = (
				F352FB5B20F423E6009E3F76 /* Debug */,
				F352FB5C20F423E6009E3F76 /* Release */,
			);
			defaultConfigurationIsVisible = 0;
			defaultConfigurationName = Release;
		};
/* End XCConfigurationList section */
	};
	rootObject = F352FB4020F423E3009E3F76 /* Project object */;
}
